
Microsoft Visual Studio Solution File, Format Version 12.00
# Visual Studio 15
VisualStudioVersion = 15.0.28307.572
MinimumVisualStudioVersion = 10.0.40219.1
Project("{8BC9CEB8-8B4A-11D0-8D11-00A0C91BC942}") = "ZuiJinDui", "ZuiJinDui\ZuiJinDui.vcxproj", "{F0378576-BD3A-47C3-A23E-3A910817E156}"
EndProject
Project("{8BC9CEB8-8B4A-11D0-8D11-00A0C91BC942}") = "TuBao", "TuBao\TuBao.vcxproj", "{23F869E8-9457-4FE5-B1D1-9FB0EE137135}"
EndProject
Project("{8BC9CEB8-8B4A-11D0-8D11-00A0C91BC942}") = "TestUsing", "TestUsing\TestUsing.vcxproj", "{BEAF3579-B2C1-4F28-8A56-A961A49A6DE9}"
EndProject
Project("{8BC9CEB8-8B4A-11D0-8D11-00A0C91BC942}") = "JuZhenLianCheng", "JuZhenLianCheng\JuZhenLianCheng.vcxproj", "{AAADCD69-E98E-49EE-907C-831453393E4D}"
EndProject
Project("{8BC9CEB8-8B4A-11D0-8D11-00A0C91BC942}") = "MiGong", "MiGong\MiGong.vcxproj", "{C22DD39A-AAF6-4135-ADF8-F15EBDB6EB9A}"
EndProject
Global
	GlobalSection(SolutionConfigurationPlatforms) = preSolution
		Debug|x64 = Debug|x64
		Debug|x86 = Debug|x86
		Release|x64 = Release|x64
		Release|x86 = Release|x86
	EndGlobalSection
	GlobalSection(ProjectConfigurationPlatforms) = postSolution
		{F0378576-BD3A-47C3-A23E-3A910817E156}.Debug|x64.ActiveCfg = Debug|x64
		{F0378576-BD3A-47C3-A23E-3A910817E156}.Debug|x64.Build.0 = Debug|x64
		{F0378576-BD3A-47C3-A23E-3A910817E156}.Debug|x86.ActiveCfg = Debug|Win32
		{F0378576-BD3A-47C3-A23E-3A910817E156}.Debug|x86.Build.0 = Debug|Win32
		{F0378576-BD3A-47C3-A23E-3A910817E156}.Release|x64.ActiveCfg = Release|x64
		{F0378576-BD3A-47C3-A23E-3A910817E156}.Release|x64.Build.0 = Release|x64
		{F0378576-BD3A-47C3-A23E-3A910817E156}.Release|x86.ActiveCfg = Release|Win32
		{F0378576-BD3A-47C3-A23E-3A910817E156}.Release|x86.Build.0 = Release|Win32
		{23F869E8-9457-4FE5-B1D1-9FB0EE137135}.Debug|x64.ActiveCfg = Debug|x64
		{23F869E8-9457-4FE5-B1D1-9FB0EE137135}.Debug|x64.Build.0 = Debug|x64
		{23F869E8-9457-4FE5-B1D1-9FB0EE137135}.Debug|x86.ActiveCfg = Debug|Win32
		{23F869E8-9457-4FE5-B1D1-9FB0EE137135}.Debug|x86.Build.0 = Debug|Win32
		{23F869E8-9457-4FE5-B1D1-9FB0EE137135}.Release|x64.ActiveCfg = Release|x64
		{23F869E8-9457-4FE5-B1D1-9FB0EE137135}.Release|x64.Build.0 = Release|x64
		{23F869E8-9457-4FE5-B1D1-9FB0EE137135}.Release|x86.ActiveCfg = Release|Win32
		{23F869E8-9457-4FE5-B1D1-9FB0EE137135}.Release|x86.Build.0 = Release|Win32
		{BEAF3579-B2C1-4F28-8A56-A961A49A6DE9}.Debug|x64.ActiveCfg = Debug|x64
		{BEAF3579-B2C1-4F28-8A56-A961A49A6DE9}.Debug|x64.Build.0 = Debug|x64
		{BEAF3579-B2C1-4F28-8A56-A961A49A6DE9}.Debug|x86.ActiveCfg = Debug|Win32
		{BEAF3579-B2C1-4F28-8A56-A961A49A6DE9}.Debug|x86.Build.0 = Debug|Win32
		{BEAF3579-B2C1-4F28-8A56-A961A49A6DE9}.Release|x64.ActiveCfg = Release|x64
		{BEAF3579-B2C1-4F28-8A56-A961A49A6DE9}.Release|x64.Build.0 = Release|x64
		{BEAF3579-B2C1-4F28-8A56-A961A49A6DE9}.Release|x86.ActiveCfg = Release|Win32
		{BEAF3579-B2C1-4F28-8A56-A961A49A6DE9}.Release|x86.Build.0 = Release|Win32
		{AAADCD69-E98E-49EE-907C-831453393E4D}.Debug|x64.ActiveCfg = Debug|x64
		{AAADCD69-E98E-49EE-907C-831453393E4D}.Debug|x64.Build.0 = Debug|x64
		{AAADCD69-E98E-49EE-907C-831453393E4D}.Debug|x86.ActiveCfg = Debug|Win32
		{AAADCD69-E98E-49EE-907C-831453393E4D}.Debug|x86.Build.0 = Debug|Win32
		{AAADCD69-E98E-49EE-907C-831453393E4D}.Release|x64.ActiveCfg = Release|x64
		{AAADCD69-E98E-49EE-907C-831453393E4D}.Release|x64.Build.0 = Release|x64
		{AAADCD69-E98E-49EE-907C-831453393E4D}.Release|x86.ActiveCfg = Release|Win32
		{AAADCD69-E98E-49EE-907C-831453393E4D}.Release|x86.Build.0 = Release|Win32
		{C22DD39A-AAF6-4135-ADF8-F15EBDB6EB9A}.Debug|x64.ActiveCfg = Debug|x64
		{C22DD39A-AAF6-4135-ADF8-F15EBDB6EB9A}.Debug|x64.Build.0 = Debug|x64
		{C22DD39A-AAF6-4135-ADF8-F15EBDB6EB9A}.Debug|x86.ActiveCfg = Debug|Win32
		{C22DD39A-AAF6-4135-ADF8-F15EBDB6EB9A}.Debug|x86.Build.0 = Debug|Win32
		{C22DD39A-AAF6-4135-ADF8-F15EBDB6EB9A}.Release|x64.ActiveCfg = Release|x64
		{C22DD39A-AAF6-4135-ADF8-F15EBDB6EB9A}.Release|x64.Build.0 = Release|x64
		{C22DD39A-AAF6-4135-ADF8-F15EBDB6EB9A}.Release|x86.ActiveCfg = Release|Win32
		{C22DD39A-AAF6-4135-ADF8-F15EBDB6EB9A}.Release|x86.Build.0 = Release|Win32
	EndGlobalSection
	GlobalSection(SolutionProperties) = preSolution
		HideSolutionNode = FALSE
	EndGlobalSection
	GlobalSection(ExtensibilityGlobals) = postSolution
		SolutionGuid = {019F8CA5-3ED6-4A4D-AF70-F24BE6D62D0D}
	EndGlobalSection
EndGlobal
